PODS:
  - Alamofire (5.0.5)
  - Crashlytics (3.14.0):
    - Fabric (~> 1.10.2)
  - CropViewController (2.5.5)
  - DKCamera (1.6.7)
  - DKImagePickerController (4.3.2):
    - DKImagePickerController/Camera (= 4.3.2)
    - DKImagePickerController/Core (= 4.3.2)
    - DKImagePickerController/ImageDataManager (= 4.3.2)
    - DKImagePickerController/InlineCamera (= 4.3.2)
    - DKImagePickerController/PhotoEditor (= 4.3.2)
    - DKImagePickerController/PhotoGallery (= 4.3.2)
    - DKImagePickerController/Resource (= 4.3.2)
  - DKImagePickerController/Camera (4.3.2):
    - DKCamera
    - DKImagePickerController/Core
  - DKImagePickerController/Core (4.3.2):
    - DKImagePickerController/ImageDataManager
    - DKImagePickerController/Resource
  - DKImagePickerController/ImageDataManager (4.3.2)
  - DKImagePickerController/InlineCamera (4.3.2):
    - DKCamera
    - DKImagePickerController/Core
  - DKImagePickerController/PhotoEditor (4.3.2):
    - CropViewController (~> 2.5)
    - DKImagePickerController/Core
  - DKImagePickerController/PhotoGallery (4.3.2):
    - DKImagePickerController/Core
    - DKPhotoGallery
  - DKImagePickerController/Resource (4.3.2)
  - DKPhotoGallery (0.0.17):
    - DKPhotoGallery/Core (= 0.0.17)
    - DKPhotoGallery/Model (= 0.0.17)
    - DKPhotoGallery/Preview (= 0.0.17)
    - DKPhotoGallery/Resource (= 0.0.17)
    - SDWebImage
    - SwiftyGif
  - DKPhotoGallery/Core (0.0.17):
    - DKPhotoGallery/Model
    - DKPhotoGallery/Preview
    - SDWebImage
    - SwiftyGif
  - DKPhotoGallery/Model (0.0.17):
    - SDWebImage
    - SwiftyGif
  - DKPhotoGallery/Preview (0.0.17):
    - DKPhotoGallery/Model
    - DKPhotoGallery/Resource
    - SDWebImage
    - SwiftyGif
  - DKPhotoGallery/Resource (0.0.17):
    - SDWebImage
    - SwiftyGif
  - Fabric (1.10.2)
  - Firebase/Auth (6.25.0):
    - Firebase/CoreOnly
    - FirebaseAuth (~> 6.5.3)
  - Firebase/CoreOnly (6.25.0):
    - FirebaseCore (= 6.7.1)
  - Firebase/Messaging (6.25.0):
    - Firebase/CoreOnly
    - FirebaseMessaging (~> 4.4.1)
  - FirebaseAnalyticsInterop (1.5.0)
  - FirebaseAuth (6.5.3):
    - FirebaseAuthInterop (~> 1.0)
    - FirebaseCore (~> 6.6)
    - GoogleUtilities/AppDelegateSwizzler (~> 6.5)
    - GoogleUtilities/Environment (~> 6.5)
    - GTMSessionFetcher/Core (~> 1.1)
  - FirebaseAuthInterop (1.1.0)
  - FirebaseCore (6.7.1):
    - FirebaseCoreDiagnostics (~> 1.3)
    - FirebaseCoreDiagnosticsInterop (~> 1.2)
    - GoogleUtilities/Environment (~> 6.5)
    - GoogleUtilities/Logger (~> 6.5)
  - FirebaseCoreDiagnostics (1.3.0):
    - FirebaseCoreDiagnosticsInterop (~> 1.2)
    - GoogleDataTransportCCTSupport (~> 3.1)
    - GoogleUtilities/Environment (~> 6.5)
    - GoogleUtilities/Logger (~> 6.5)
    - nanopb (~> 1.30905.0)
  - FirebaseCoreDiagnosticsInterop (1.2.0)
  - FirebaseInstallations (1.2.0):
    - FirebaseCore (~> 6.6)
    - GoogleUtilities/Environment (~> 6.6)
    - GoogleUtilities/UserDefaults (~> 6.6)
    - PromisesObjC (~> 1.2)
  - FirebaseInstanceID (4.3.4):
    - FirebaseCore (~> 6.6)
    - FirebaseInstallations (~> 1.0)
    - GoogleUtilities/Environment (~> 6.5)
    - GoogleUtilities/UserDefaults (~> 6.5)
  - FirebaseMessaging (4.4.1):
    - FirebaseAnalyticsInterop (~> 1.5)
    - FirebaseCore (~> 6.6)
    - FirebaseInstanceID (~> 4.3)
    - GoogleUtilities/AppDelegateSwizzler (~> 6.5)
    - GoogleUtilities/Environment (~> 6.5)
    - GoogleUtilities/Reachability (~> 6.5)
    - GoogleUtilities/UserDefaults (~> 6.5)
    - Protobuf (>= 3.9.2, ~> 3.9)
  - GoogleDataTransport (6.1.1)
  - GoogleDataTransportCCTSupport (3.1.0):
    - GoogleDataTransport (~> 6.1)
    - nanopb (~> 1.30905.0)
  - GoogleUtilities/AppDelegateSwizzler (6.6.0):
    - GoogleUtilities/Environment
    - GoogleUtilities/Logger
    - GoogleUtilities/Network
  - GoogleUtilities/Environment (6.6.0):
    - PromisesObjC (~> 1.2)
  - GoogleUtilities/Logger (6.6.0):
    - GoogleUtilities/Environment
  - GoogleUtilities/Network (6.6.0):
    - GoogleUtilities/Logger
    - "GoogleUtilities/NSData+zlib"
    - GoogleUtilities/Reachability
  - "GoogleUtilities/NSData+zlib (6.6.0)"
  - GoogleUtilities/Reachability (6.6.0):
    - GoogleUtilities/Logger
  - GoogleUtilities/UserDefaults (6.6.0):
    - GoogleUtilities/Logger
  - GTMSessionFetcher/Core (1.4.0)
  - IQKeyboardManagerSwift (6.5.5)
  - nanopb (1.30905.0):
    - nanopb/decode (= 1.30905.0)
    - nanopb/encode (= 1.30905.0)
  - nanopb/decode (1.30905.0)
  - nanopb/encode (1.30905.0)
  - PromisesObjC (1.2.8)
  - Protobuf (3.12.0)
  - ReachabilitySwift (5.0.0)
  - SDWebImage (5.8.0):
    - SDWebImage/Core (= 5.8.0)
  - SDWebImage/Core (5.8.0)
  - SkeletonView (1.8.7)
  - SwiftyGif (5.3.0)
  - SwiftyStoreKit (0.15.0)

DEPENDENCIES:
  - Alamofire (~> 5.0.0-beta.5)
  - Crashlytics (~> 3.14.0)
  - DKImagePickerController
  - Fabric (~> 1.10.2)
  - Firebase/Auth
  - Firebase/Messaging
  - IQKeyboardManagerSwift
  - ReachabilitySwift
  - SDWebImage
  - SkeletonView
  - SwiftyStoreKit

SPEC REPOS:
  trunk:
    - Alamofire
    - Crashlytics
    - CropViewController
    - DKCamera
    - DKImagePickerController
    - DKPhotoGallery
    - Fabric
    - Firebase
    - FirebaseAnalyticsInterop
    - FirebaseAuth
    - FirebaseAuthInterop
    - FirebaseCore
    - FirebaseCoreDiagnostics
    - FirebaseCoreDiagnosticsInterop
    - FirebaseInstallations
    - FirebaseInstanceID
    - FirebaseMessaging
    - GoogleDataTransport
    - GoogleDataTransportCCTSupport
    - GoogleUtilities
    - GTMSessionFetcher
    - IQKeyboardManagerSwift
    - nanopb
    - PromisesObjC
    - Protobuf
    - ReachabilitySwift
    - SDWebImage
    - SkeletonView
    - SwiftyGif
    - SwiftyStoreKit

SPEC CHECKSUMS:
  Alamofire: df2f8f826963b08b9a870791ad48e07a10090b2e
  Crashlytics: 9220f5bc89e7a618df411b4f639389dbfb0e03d2
  CropViewController: bd3ff11eeeaadc1e267bb9c3f3e9ee67a52d3285
  DKCamera: a902b66921fca14b7a75266feb8c7568aa7caa71
  DKImagePickerController: b5eb7f7a388e4643264105d648d01f727110fc3d
  DKPhotoGallery: fdfad5125a9fdda9cc57df834d49df790dbb4179
  Fabric: ea977e3cd9c20425516d3dafd3bf8c941c51223f
  Firebase: 5719b4f965f76643241a1bb8244483ff6117db39
  FirebaseAnalyticsInterop: 3f86269c38ae41f47afeb43ebf32a001f58fcdae
  FirebaseAuth: 7047aec89c0b17ecd924a550c853f0c27ac6015e
  FirebaseAuthInterop: a0f37ae05833af156e72028f648d313f7e7592e9
  FirebaseCore: 6023faeada5afa95a349fccafb40900e32e9ac42
  FirebaseCoreDiagnostics: 4a773a47bd83bbd5a9b1ccf1ce7caa8b2d535e67
  FirebaseCoreDiagnosticsInterop: 296e2c5f5314500a850ad0b83e9e7c10b011a850
  FirebaseInstallations: 2119fb3e46b0a88bfdbf12562f855ee3252462fa
  FirebaseInstanceID: cef67c4967c7cecb56ea65d8acbb4834825c587b
  FirebaseMessaging: 29543feb343b09546ab3aa04d008ee8595b43c44
  GoogleDataTransport: ad884314b81cdb808fb1d23787b367ff8da4e28a
  GoogleDataTransportCCTSupport: d70a561f7d236af529fee598835caad5e25f6d3d
  GoogleUtilities: 39530bc0ad980530298e9c4af8549e991fd033b1
  GTMSessionFetcher: 6f5c8abbab8a9bce4bb3f057e317728ec6182b10
  IQKeyboardManagerSwift: 0fb93310284665245591f50f7a5e38de615960b7
  nanopb: c43f40fadfe79e8b8db116583945847910cbabc9
  PromisesObjC: c119f3cd559f50b7ae681fa59dc1acd19173b7e6
  Protobuf: 2793fcd0622a00b546c60e7cbbcc493e043e9bb9
  ReachabilitySwift: 985039c6f7b23a1da463388634119492ff86c825
  SDWebImage: 84000f962cbfa70c07f19d2234cbfcf5d779b5dc
  SkeletonView: ba5370f41280b2f0a76918bb143c1294232bb4f4
  SwiftyGif: e466e86c660d343357ab944a819a101c4127cb40
  SwiftyStoreKit: 033d06b6f87955405d3f844a18a7687c2438592a

PODFILE CHECKSUM: 16252016f1cc9f71bce297a0891ac2dc12525113

COCOAPODS: 1.10.0
